
Microsoft Visual Studio Solution File, Format Version 12.00
# Visual Studio Version 17
VisualStudioVersion = 17.5.33516.290
MinimumVisualStudioVersion = 10.0.40219.1
Project("{FAE04EC0-301F-11D3-BF4B-00C04F79EFBC}") = "Jims Managment System Or", "Jims Managment System Or\Jims Managment System Or.csproj", "{8D7AE622-44ED-470B-B163-9A90E9655F42}"
EndProject
Global
	GlobalSection(SolutionConfigurationPlatforms) = preSolution
		Debug|Any CPU = Debug|Any CPU
		Release|Any CPU = Release|Any CPU
	EndGlobalSection
	GlobalSection(ProjectConfigurationPlatforms) = postSolution
		{8D7AE622-44ED-470B-B163-9A90E9655F42}.Debug|Any CPU.ActiveCfg = Debug|Any CPU
		{8D7AE622-44ED-470B-B163-9A90E9655F42}.Debug|Any CPU.Build.0 = Debug|Any CPU
		{8D7AE622-44ED-470B-B163-9A90E9655F42}.Release|Any CPU.ActiveCfg = Release|Any CPU
		{8D7AE622-44ED-470B-B163-9A90E9655F42}.Release|Any CPU.Build.0 = Release|Any CPU
	EndGlobalSection
	GlobalSection(SolutionProperties) = preSolution
		HideSolutionNode = FALSE
	EndGlobalSection
	GlobalSection(ExtensibilityGlobals) = postSolution
		SolutionGuid = {7CA48943-DE5E-4BFD-BD83-D1C83CC00254}
	EndGlobalSection
EndGlobal
